
Microsoft Visual Studio Solution File, Format Version 12.00
# Visual Studio Version 17
VisualStudioVersion = 17.8.34525.116
MinimumVisualStudioVersion = 10.0.40219.1
Project("{9A19103F-16F7-4668-BE54-9A1E7A4F7556}") = "Inheritance", "AssociationBetweenClasses\Inheritance.csproj", "{054F68E6-A31A-400A-B848-AC95C411E0F7}"
EndProject
Project("{FAE04EC0-301F-11D3-BF4B-00C04F79EFBC}") = "Composition", "Composition\Composition.csproj", "{C065B053-D2CC-4865-9ED5-EA82A381D8CC}"
EndProject
Global
	GlobalSection(SolutionConfigurationPlatforms) = preSolution
		Debug|Any CPU = Debug|Any CPU
		Release|Any CPU = Release|Any CPU
	EndGlobalSection
	GlobalSection(ProjectConfigurationPlatforms) = postSolution
		{054F68E6-A31A-400A-B848-AC95C411E0F7}.Debug|Any CPU.ActiveCfg = Debug|Any CPU
		{054F68E6-A31A-400A-B848-AC95C411E0F7}.Debug|Any CPU.Build.0 = Debug|Any CPU
		{054F68E6-A31A-400A-B848-AC95C411E0F7}.Release|Any CPU.ActiveCfg = Release|Any CPU
		{054F68E6-A31A-400A-B848-AC95C411E0F7}.Release|Any CPU.Build.0 = Release|Any CPU
		{C065B053-D2CC-4865-9ED5-EA82A381D8CC}.Debug|Any CPU.ActiveCfg = Debug|Any CPU
		{C065B053-D2CC-4865-9ED5-EA82A381D8CC}.Debug|Any CPU.Build.0 = Debug|Any CPU
		{C065B053-D2CC-4865-9ED5-EA82A381D8CC}.Release|Any CPU.ActiveCfg = Release|Any CPU
		{C065B053-D2CC-4865-9ED5-EA82A381D8CC}.Release|Any CPU.Build.0 = Release|Any CPU
	EndGlobalSection
	GlobalSection(SolutionProperties) = preSolution
		HideSolutionNode = FALSE
	EndGlobalSection
	GlobalSection(ExtensibilityGlobals) = postSolution
		SolutionGuid = {FB44DC5F-6663-4816-B8DE-17760F6C82BA}
	EndGlobalSection
EndGlobal
