
Microsoft Visual Studio Solution File, Format Version 12.00
# Visual Studio Version 17
VisualStudioVersion = 17.8.34525.116
MinimumVisualStudioVersion = 10.0.40219.1
Project("{9A19103F-16F7-4668-BE54-9A1E7A4F7556}") = "Inheritance", "Inheritance\Inheritance.csproj", "{8F1B79D6-9599-4A89-A6C3-B046F7C0EA15}"
EndProject
Project("{9A19103F-16F7-4668-BE54-9A1E7A4F7556}") = "Amazon", "Amazon\Amazon.csproj", "{9820C142-BFA9-4E43-9CBA-1E89AF597DE5}"
EndProject
Project("{9A19103F-16F7-4668-BE54-9A1E7A4F7556}") = "Constructors", "Constructors\Constructors.csproj", "{D28BEE88-F068-4981-8864-5C3F88C0C187}"
EndProject
Project("{FAE04EC0-301F-11D3-BF4B-00C04F79EFBC}") = "Casting", "Casting\Casting.csproj", "{68F4CE6A-7C8F-4615-9256-0D73DF74E369}"
EndProject
Project("{FAE04EC0-301F-11D3-BF4B-00C04F79EFBC}") = "InheritanceApp", "InheritanceApp\InheritanceApp.csproj", "{D29C3E76-3A92-4DE2-AA47-EB6174DD7712}"
EndProject
Global
	GlobalSection(SolutionConfigurationPlatforms) = preSolution
		Debug|Any CPU = Debug|Any CPU
		Release|Any CPU = Release|Any CPU
	EndGlobalSection
	GlobalSection(ProjectConfigurationPlatforms) = postSolution
		{8F1B79D6-9599-4A89-A6C3-B046F7C0EA15}.Debug|Any CPU.ActiveCfg = Debug|Any CPU
		{8F1B79D6-9599-4A89-A6C3-B046F7C0EA15}.Debug|Any CPU.Build.0 = Debug|Any CPU
		{8F1B79D6-9599-4A89-A6C3-B046F7C0EA15}.Release|Any CPU.ActiveCfg = Release|Any CPU
		{8F1B79D6-9599-4A89-A6C3-B046F7C0EA15}.Release|Any CPU.Build.0 = Release|Any CPU
		{9820C142-BFA9-4E43-9CBA-1E89AF597DE5}.Debug|Any CPU.ActiveCfg = Debug|Any CPU
		{9820C142-BFA9-4E43-9CBA-1E89AF597DE5}.Debug|Any CPU.Build.0 = Debug|Any CPU
		{9820C142-BFA9-4E43-9CBA-1E89AF597DE5}.Release|Any CPU.ActiveCfg = Release|Any CPU
		{9820C142-BFA9-4E43-9CBA-1E89AF597DE5}.Release|Any CPU.Build.0 = Release|Any CPU
		{D28BEE88-F068-4981-8864-5C3F88C0C187}.Debug|Any CPU.ActiveCfg = Debug|Any CPU
		{D28BEE88-F068-4981-8864-5C3F88C0C187}.Debug|Any CPU.Build.0 = Debug|Any CPU
		{D28BEE88-F068-4981-8864-5C3F88C0C187}.Release|Any CPU.ActiveCfg = Release|Any CPU
		{D28BEE88-F068-4981-8864-5C3F88C0C187}.Release|Any CPU.Build.0 = Release|Any CPU
		{68F4CE6A-7C8F-4615-9256-0D73DF74E369}.Debug|Any CPU.ActiveCfg = Debug|Any CPU
		{68F4CE6A-7C8F-4615-9256-0D73DF74E369}.Debug|Any CPU.Build.0 = Debug|Any CPU
		{68F4CE6A-7C8F-4615-9256-0D73DF74E369}.Release|Any CPU.ActiveCfg = Release|Any CPU
		{68F4CE6A-7C8F-4615-9256-0D73DF74E369}.Release|Any CPU.Build.0 = Release|Any CPU
		{D29C3E76-3A92-4DE2-AA47-EB6174DD7712}.Debug|Any CPU.ActiveCfg = Debug|Any CPU
		{D29C3E76-3A92-4DE2-AA47-EB6174DD7712}.Debug|Any CPU.Build.0 = Debug|Any CPU
		{D29C3E76-3A92-4DE2-AA47-EB6174DD7712}.Release|Any CPU.ActiveCfg = Release|Any CPU
		{D29C3E76-3A92-4DE2-AA47-EB6174DD7712}.Release|Any CPU.Build.0 = Release|Any CPU
	EndGlobalSection
	GlobalSection(SolutionProperties) = preSolution
		HideSolutionNode = FALSE
	EndGlobalSection
	GlobalSection(ExtensibilityGlobals) = postSolution
		SolutionGuid = {52EA6CAB-2779-47D3-99FF-9E19E91363EF}
	EndGlobalSection
EndGlobal
