
Microsoft Visual Studio Solution File, Format Version 12.00
# Visual Studio Version 17
VisualStudioVersion = 17.8.34525.116
MinimumVisualStudioVersion = 10.0.40219.1
Project("{9A19103F-16F7-4668-BE54-9A1E7A4F7556}") = "Classes", "Classes\Classes.csproj", "{A7120DFC-2B63-4883-B003-21CFDA6AF2AD}"
EndProject
Project("{FAE04EC0-301F-11D3-BF4B-00C04F79EFBC}") = "Constructor", "Constructor\Constructor.csproj", "{0F43A730-1E3B-489D-8CBD-9CB72436596E}"
EndProject
Global
	GlobalSection(SolutionConfigurationPlatforms) = preSolution
		Debug|Any CPU = Debug|Any CPU
		Release|Any CPU = Release|Any CPU
	EndGlobalSection
	GlobalSection(ProjectConfigurationPlatforms) = postSolution
		{A7120DFC-2B63-4883-B003-21CFDA6AF2AD}.Debug|Any CPU.ActiveCfg = Debug|Any CPU
		{A7120DFC-2B63-4883-B003-21CFDA6AF2AD}.Debug|Any CPU.Build.0 = Debug|Any CPU
		{A7120DFC-2B63-4883-B003-21CFDA6AF2AD}.Release|Any CPU.ActiveCfg = Release|Any CPU
		{A7120DFC-2B63-4883-B003-21CFDA6AF2AD}.Release|Any CPU.Build.0 = Release|Any CPU
		{0F43A730-1E3B-489D-8CBD-9CB72436596E}.Debug|Any CPU.ActiveCfg = Debug|Any CPU
		{0F43A730-1E3B-489D-8CBD-9CB72436596E}.Debug|Any CPU.Build.0 = Debug|Any CPU
		{0F43A730-1E3B-489D-8CBD-9CB72436596E}.Release|Any CPU.ActiveCfg = Release|Any CPU
		{0F43A730-1E3B-489D-8CBD-9CB72436596E}.Release|Any CPU.Build.0 = Release|Any CPU
	EndGlobalSection
	GlobalSection(SolutionProperties) = preSolution
		HideSolutionNode = FALSE
	EndGlobalSection
	GlobalSection(ExtensibilityGlobals) = postSolution
		SolutionGuid = {0821D8AB-C74E-4A4A-A38F-284E41077383}
	EndGlobalSection
EndGlobal
