
Microsoft Visual Studio Solution File, Format Version 12.00
# Visual Studio Version 17
VisualStudioVersion = 17.8.34525.116
MinimumVisualStudioVersion = 10.0.40219.1
Project("{9A19103F-16F7-4668-BE54-9A1E7A4F7556}") = "Testability", "Interfaces\Testability.csproj", "{834961B1-CA6C-42BE-9033-9702AE7F8960}"
EndProject
Project("{FAE04EC0-301F-11D3-BF4B-00C04F79EFBC}") = "Testability.UnitTest", "Testability.UnitTest\Testability.UnitTest.csproj", "{8C0DA9CB-BDFE-413F-A8DC-85604D68DEDD}"
EndProject
Global
	GlobalSection(SolutionConfigurationPlatforms) = preSolution
		Debug|Any CPU = Debug|Any CPU
		Release|Any CPU = Release|Any CPU
	EndGlobalSection
	GlobalSection(ProjectConfigurationPlatforms) = postSolution
		{834961B1-CA6C-42BE-9033-9702AE7F8960}.Debug|Any CPU.ActiveCfg = Debug|Any CPU
		{834961B1-CA6C-42BE-9033-9702AE7F8960}.Debug|Any CPU.Build.0 = Debug|Any CPU
		{834961B1-CA6C-42BE-9033-9702AE7F8960}.Release|Any CPU.ActiveCfg = Release|Any CPU
		{834961B1-CA6C-42BE-9033-9702AE7F8960}.Release|Any CPU.Build.0 = Release|Any CPU
		{8C0DA9CB-BDFE-413F-A8DC-85604D68DEDD}.Debug|Any CPU.ActiveCfg = Debug|Any CPU
		{8C0DA9CB-BDFE-413F-A8DC-85604D68DEDD}.Debug|Any CPU.Build.0 = Debug|Any CPU
		{8C0DA9CB-BDFE-413F-A8DC-85604D68DEDD}.Release|Any CPU.ActiveCfg = Release|Any CPU
		{8C0DA9CB-BDFE-413F-A8DC-85604D68DEDD}.Release|Any CPU.Build.0 = Release|Any CPU
	EndGlobalSection
	GlobalSection(SolutionProperties) = preSolution
		HideSolutionNode = FALSE
	EndGlobalSection
	GlobalSection(ExtensibilityGlobals) = postSolution
		SolutionGuid = {8FD17F39-7235-4CAD-B77A-C7AD9A45F042}
	EndGlobalSection
EndGlobal
