
Microsoft Visual Studio Solution File, Format Version 12.00
# Visual Studio Version 17
VisualStudioVersion = 17.8.34525.116
MinimumVisualStudioVersion = 10.0.40219.1
Project("{FAE04EC0-301F-11D3-BF4B-00C04F79EFBC}") = "Polymorphism", "Polymorphism\Polymorphism.csproj", "{FD95A5B8-1ABA-4556-8BC6-13216495C578}"
EndProject
Global
	GlobalSection(SolutionConfigurationPlatforms) = preSolution
		Debug|Any CPU = Debug|Any CPU
		Release|Any CPU = Release|Any CPU
	EndGlobalSection
	GlobalSection(ProjectConfigurationPlatforms) = postSolution
		{FD95A5B8-1ABA-4556-8BC6-13216495C578}.Debug|Any CPU.ActiveCfg = Debug|Any CPU
		{FD95A5B8-1ABA-4556-8BC6-13216495C578}.Debug|Any CPU.Build.0 = Debug|Any CPU
		{FD95A5B8-1ABA-4556-8BC6-13216495C578}.Release|Any CPU.ActiveCfg = Release|Any CPU
		{FD95A5B8-1ABA-4556-8BC6-13216495C578}.Release|Any CPU.Build.0 = Release|Any CPU
	EndGlobalSection
	GlobalSection(SolutionProperties) = preSolution
		HideSolutionNode = FALSE
	EndGlobalSection
	GlobalSection(ExtensibilityGlobals) = postSolution
		SolutionGuid = {3CBACDEB-1BF4-4683-9F32-EC749C5C6200}
	EndGlobalSection
EndGlobal
